
Microsoft Visual Studio Solution File, Format Version 11.00
# Visual Studio 2010
Project("{2150E333-8FDC-42A3-9474-1A3956D46DE8}") = "Solution Items", "Solution Items", "{CCE9AB05-3DD1-434D-A9CD-C0E5D0150378}"
	ProjectSection(SolutionItems) = preProject
		SolutionInfo.cs = SolutionInfo.cs
	EndProjectSection
EndProject
Project("{FAE04EC0-301F-11D3-BF4B-00C04F79EFBC}") = "Jcw.Common", "Jcw.Common\Jcw.Common.csproj", "{F2587562-E95A-4D1A-AD25-A4592F9F86E7}"
	ProjectSection(ProjectDependencies) = postProject
		{FC2E3011-A655-466D-BB37-AFE1FE9C0AB8} = {FC2E3011-A655-466D-BB37-AFE1FE9C0AB8}
	EndProjectSection
EndProject
Project("{FAE04EC0-301F-11D3-BF4B-00C04F79EFBC}") = "Jcw.Charting", "Jcw.Charting\Jcw.Charting.csproj", "{244ACF4C-1FF7-4962-A17D-18684976D9FA}"
	ProjectSection(ProjectDependencies) = postProject
		{FC2E3011-A655-466D-BB37-AFE1FE9C0AB8} = {FC2E3011-A655-466D-BB37-AFE1FE9C0AB8}
	EndProjectSection
EndProject
Project("{FAE04EC0-301F-11D3-BF4B-00C04F79EFBC}") = "Jcw.Resources", "Jcw.Resources\Jcw.Resources.csproj", "{FC2E3011-A655-466D-BB37-AFE1FE9C0AB8}"
EndProject
Project("{FAE04EC0-301F-11D3-BF4B-00C04F79EFBC}") = "Jcw.SnapInAPI", "Jcw.SnapInAPI\Jcw.SnapInAPI.csproj", "{C95DEDE2-73E3-4B5D-A7E6-AE1C5F23B415}"
EndProject
Project("{FAE04EC0-301F-11D3-BF4B-00C04F79EFBC}") = "Jcw.SnapInAPI.Test", "Jcw.SnapInAPI.Test\Jcw.SnapInAPI.Test.csproj", "{9B482F3B-4BB2-4C26-8CCD-152DDAC300AE}"
EndProject
Project("{FAE04EC0-301F-11D3-BF4B-00C04F79EFBC}") = "Jcw.Search", "Jcw.Search\Jcw.Search.csproj", "{2484CAEA-3ECE-41DC-BBF5-DD8E5F3B99C6}"
EndProject
Project("{FAE04EC0-301F-11D3-BF4B-00C04F79EFBC}") = "Jcw.Search.Test", "Jcw.Search.Test\Jcw.Search.Test.csproj", "{991628BD-A8FB-41A9-9BAD-8C129A31EC6D}"
EndProject
Project("{FAE04EC0-301F-11D3-BF4B-00C04F79EFBC}") = "Jcw.Common.Test", "Jcw.Common.Test\Jcw.Common.Test.csproj", "{12C60503-B4E7-46E6-9400-4BE53DBE8711}"
EndProject
Project("{FAE04EC0-301F-11D3-BF4B-00C04F79EFBC}") = "WifiTestApp", "WifiTestApp\WifiTestApp.csproj", "{9FC6B884-D991-40C1-AD38-5D33A15197AE}"
EndProject
Project("{FAE04EC0-301F-11D3-BF4B-00C04F79EFBC}") = "Jcw.Common.Gui.WinForms", "Jcw.Common.Gui.WinForms\Jcw.Common.Gui.WinForms.csproj", "{0ED6F385-B481-421D-A893-461B3A6F65F4}"
EndProject
Project("{FAE04EC0-301F-11D3-BF4B-00C04F79EFBC}") = "Jcw.Charting.Gui.WinForms", "Jcw.Charting.Gui.WinForms\Jcw.Charting.Gui.WinForms.csproj", "{8EE85670-CF35-4877-9BA1-2D2CB3FE5AD6}"
EndProject
Project("{FAE04EC0-301F-11D3-BF4B-00C04F79EFBC}") = "Jcw.Common.Gui", "Jcw.Common.Gui\Jcw.Common.Gui.csproj", "{EF7605E9-C0E4-4E78-83CF-4B71944A1832}"
EndProject
Project("{FAE04EC0-301F-11D3-BF4B-00C04F79EFBC}") = "Deploy", "Deploy\Deploy.csproj", "{1A87AE6D-AABC-4A1C-92CC-28D4C7C75C27}"
	ProjectSection(ProjectDependencies) = postProject
		{12C60503-B4E7-46E6-9400-4BE53DBE8711} = {12C60503-B4E7-46E6-9400-4BE53DBE8711}
		{FC2E3011-A655-466D-BB37-AFE1FE9C0AB8} = {FC2E3011-A655-466D-BB37-AFE1FE9C0AB8}
		{9B482F3B-4BB2-4C26-8CCD-152DDAC300AE} = {9B482F3B-4BB2-4C26-8CCD-152DDAC300AE}
		{244ACF4C-1FF7-4962-A17D-18684976D9FA} = {244ACF4C-1FF7-4962-A17D-18684976D9FA}
		{F2587562-E95A-4D1A-AD25-A4592F9F86E7} = {F2587562-E95A-4D1A-AD25-A4592F9F86E7}
		{8EE85670-CF35-4877-9BA1-2D2CB3FE5AD6} = {8EE85670-CF35-4877-9BA1-2D2CB3FE5AD6}
		{9FC6B884-D991-40C1-AD38-5D33A15197AE} = {9FC6B884-D991-40C1-AD38-5D33A15197AE}
		{0ED6F385-B481-421D-A893-461B3A6F65F4} = {0ED6F385-B481-421D-A893-461B3A6F65F4}
		{991628BD-A8FB-41A9-9BAD-8C129A31EC6D} = {991628BD-A8FB-41A9-9BAD-8C129A31EC6D}
		{C95DEDE2-73E3-4B5D-A7E6-AE1C5F23B415} = {C95DEDE2-73E3-4B5D-A7E6-AE1C5F23B415}
		{EF7605E9-C0E4-4E78-83CF-4B71944A1832} = {EF7605E9-C0E4-4E78-83CF-4B71944A1832}
		{2484CAEA-3ECE-41DC-BBF5-DD8E5F3B99C6} = {2484CAEA-3ECE-41DC-BBF5-DD8E5F3B99C6}
	EndProjectSection
EndProject
Global
	GlobalSection(SubversionScc) = preSolution
		Svn-Managed = True
		Manager = AnkhSVN - Subversion Support for Visual Studio
	EndGlobalSection
	GlobalSection(SolutionConfigurationPlatforms) = preSolution
		Debug|Any CPU = Debug|Any CPU
		Debug|Mixed Platforms = Debug|Mixed Platforms
		Debug|Win32 = Debug|Win32
		Debug|x86 = Debug|x86
		Release|Any CPU = Release|Any CPU
		Release|Mixed Platforms = Release|Mixed Platforms
		Release|Win32 = Release|Win32
		Release|x86 = Release|x86
	EndGlobalSection
	GlobalSection(ProjectConfigurationPlatforms) = postSolution
		{F2587562-E95A-4D1A-AD25-A4592F9F86E7}.Debug|Any CPU.ActiveCfg = Debug|Any CPU
		{F2587562-E95A-4D1A-AD25-A4592F9F86E7}.Debug|Any CPU.Build.0 = Debug|Any CPU
		{F2587562-E95A-4D1A-AD25-A4592F9F86E7}.Debug|Mixed Platforms.ActiveCfg = Debug|Any CPU
		{F2587562-E95A-4D1A-AD25-A4592F9F86E7}.Debug|Mixed Platforms.Build.0 = Debug|Any CPU
		{F2587562-E95A-4D1A-AD25-A4592F9F86E7}.Debug|Win32.ActiveCfg = Debug|Any CPU
		{F2587562-E95A-4D1A-AD25-A4592F9F86E7}.Debug|x86.ActiveCfg = Debug|Any CPU
		{F2587562-E95A-4D1A-AD25-A4592F9F86E7}.Release|Any CPU.ActiveCfg = Release|Any CPU
		{F2587562-E95A-4D1A-AD25-A4592F9F86E7}.Release|Any CPU.Build.0 = Release|Any CPU
		{F2587562-E95A-4D1A-AD25-A4592F9F86E7}.Release|Mixed Platforms.ActiveCfg = Release|Any CPU
		{F2587562-E95A-4D1A-AD25-A4592F9F86E7}.Release|Mixed Platforms.Build.0 = Release|Any CPU
		{F2587562-E95A-4D1A-AD25-A4592F9F86E7}.Release|Win32.ActiveCfg = Release|Any CPU
		{F2587562-E95A-4D1A-AD25-A4592F9F86E7}.Release|x86.ActiveCfg = Release|Any CPU
		{244ACF4C-1FF7-4962-A17D-18684976D9FA}.Debug|Any CPU.ActiveCfg = Debug|Any CPU
		{244ACF4C-1FF7-4962-A17D-18684976D9FA}.Debug|Any CPU.Build.0 = Debug|Any CPU
		{244ACF4C-1FF7-4962-A17D-18684976D9FA}.Debug|Mixed Platforms.ActiveCfg = Debug|Any CPU
		{244ACF4C-1FF7-4962-A17D-18684976D9FA}.Debug|Mixed Platforms.Build.0 = Debug|Any CPU
		{244ACF4C-1FF7-4962-A17D-18684976D9FA}.Debug|Win32.ActiveCfg = Debug|Any CPU
		{244ACF4C-1FF7-4962-A17D-18684976D9FA}.Debug|x86.ActiveCfg = Debug|Any CPU
		{244ACF4C-1FF7-4962-A17D-18684976D9FA}.Release|Any CPU.ActiveCfg = Release|Any CPU
		{244ACF4C-1FF7-4962-A17D-18684976D9FA}.Release|Any CPU.Build.0 = Release|Any CPU
		{244ACF4C-1FF7-4962-A17D-18684976D9FA}.Release|Mixed Platforms.ActiveCfg = Release|Any CPU
		{244ACF4C-1FF7-4962-A17D-18684976D9FA}.Release|Mixed Platforms.Build.0 = Release|Any CPU
		{244ACF4C-1FF7-4962-A17D-18684976D9FA}.Release|Win32.ActiveCfg = Release|Any CPU
		{244ACF4C-1FF7-4962-A17D-18684976D9FA}.Release|x86.ActiveCfg = Release|Any CPU
		{FC2E3011-A655-466D-BB37-AFE1FE9C0AB8}.Debug|Any CPU.ActiveCfg = Debug|Any CPU
		{FC2E3011-A655-466D-BB37-AFE1FE9C0AB8}.Debug|Any CPU.Build.0 = Debug|Any CPU
		{FC2E3011-A655-466D-BB37-AFE1FE9C0AB8}.Debug|Mixed Platforms.ActiveCfg = Debug|Any CPU
		{FC2E3011-A655-466D-BB37-AFE1FE9C0AB8}.Debug|Mixed Platforms.Build.0 = Debug|Any CPU
		{FC2E3011-A655-466D-BB37-AFE1FE9C0AB8}.Debug|Win32.ActiveCfg = Debug|Any CPU
		{FC2E3011-A655-466D-BB37-AFE1FE9C0AB8}.Debug|x86.ActiveCfg = Debug|Any CPU
		{FC2E3011-A655-466D-BB37-AFE1FE9C0AB8}.Release|Any CPU.ActiveCfg = Release|Any CPU
		{FC2E3011-A655-466D-BB37-AFE1FE9C0AB8}.Release|Any CPU.Build.0 = Release|Any CPU
		{FC2E3011-A655-466D-BB37-AFE1FE9C0AB8}.Release|Mixed Platforms.ActiveCfg = Release|Any CPU
		{FC2E3011-A655-466D-BB37-AFE1FE9C0AB8}.Release|Mixed Platforms.Build.0 = Release|Any CPU
		{FC2E3011-A655-466D-BB37-AFE1FE9C0AB8}.Release|Win32.ActiveCfg = Release|Any CPU
		{FC2E3011-A655-466D-BB37-AFE1FE9C0AB8}.Release|x86.ActiveCfg = Release|Any CPU
		{C95DEDE2-73E3-4B5D-A7E6-AE1C5F23B415}.Debug|Any CPU.ActiveCfg = Debug|Any CPU
		{C95DEDE2-73E3-4B5D-A7E6-AE1C5F23B415}.Debug|Any CPU.Build.0 = Debug|Any CPU
		{C95DEDE2-73E3-4B5D-A7E6-AE1C5F23B415}.Debug|Mixed Platforms.ActiveCfg = Debug|Any CPU
		{C95DEDE2-73E3-4B5D-A7E6-AE1C5F23B415}.Debug|Mixed Platforms.Build.0 = Debug|Any CPU
		{C95DEDE2-73E3-4B5D-A7E6-AE1C5F23B415}.Debug|Win32.ActiveCfg = Debug|Any CPU
		{C95DEDE2-73E3-4B5D-A7E6-AE1C5F23B415}.Debug|x86.ActiveCfg = Debug|Any CPU
		{C95DEDE2-73E3-4B5D-A7E6-AE1C5F23B415}.Release|Any CPU.ActiveCfg = Release|Any CPU
		{C95DEDE2-73E3-4B5D-A7E6-AE1C5F23B415}.Release|Any CPU.Build.0 = Release|Any CPU
		{C95DEDE2-73E3-4B5D-A7E6-AE1C5F23B415}.Release|Mixed Platforms.ActiveCfg = Release|Any CPU
		{C95DEDE2-73E3-4B5D-A7E6-AE1C5F23B415}.Release|Mixed Platforms.Build.0 = Release|Any CPU
		{C95DEDE2-73E3-4B5D-A7E6-AE1C5F23B415}.Release|Win32.ActiveCfg = Release|Any CPU
		{C95DEDE2-73E3-4B5D-A7E6-AE1C5F23B415}.Release|x86.ActiveCfg = Release|Any CPU
		{9B482F3B-4BB2-4C26-8CCD-152DDAC300AE}.Debug|Any CPU.ActiveCfg = Debug|Any CPU
		{9B482F3B-4BB2-4C26-8CCD-152DDAC300AE}.Debug|Any CPU.Build.0 = Debug|Any CPU
		{9B482F3B-4BB2-4C26-8CCD-152DDAC300AE}.Debug|Mixed Platforms.ActiveCfg = Debug|Any CPU
		{9B482F3B-4BB2-4C26-8CCD-152DDAC300AE}.Debug|Mixed Platforms.Build.0 = Debug|Any CPU
		{9B482F3B-4BB2-4C26-8CCD-152DDAC300AE}.Debug|Win32.ActiveCfg = Debug|Any CPU
		{9B482F3B-4BB2-4C26-8CCD-152DDAC300AE}.Debug|x86.ActiveCfg = Debug|Any CPU
		{9B482F3B-4BB2-4C26-8CCD-152DDAC300AE}.Release|Any CPU.ActiveCfg = Release|Any CPU
		{9B482F3B-4BB2-4C26-8CCD-152DDAC300AE}.Release|Any CPU.Build.0 = Release|Any CPU
		{9B482F3B-4BB2-4C26-8CCD-152DDAC300AE}.Release|Mixed Platforms.ActiveCfg = Release|Any CPU
		{9B482F3B-4BB2-4C26-8CCD-152DDAC300AE}.Release|Mixed Platforms.Build.0 = Release|Any CPU
		{9B482F3B-4BB2-4C26-8CCD-152DDAC300AE}.Release|Win32.ActiveCfg = Release|Any CPU
		{9B482F3B-4BB2-4C26-8CCD-152DDAC300AE}.Release|x86.ActiveCfg = Release|Any CPU
		{2484CAEA-3ECE-41DC-BBF5-DD8E5F3B99C6}.Debug|Any CPU.ActiveCfg = Debug|Any CPU
		{2484CAEA-3ECE-41DC-BBF5-DD8E5F3B99C6}.Debug|Any CPU.Build.0 = Debug|Any CPU
		{2484CAEA-3ECE-41DC-BBF5-DD8E5F3B99C6}.Debug|Mixed Platforms.ActiveCfg = Debug|Any CPU
		{2484CAEA-3ECE-41DC-BBF5-DD8E5F3B99C6}.Debug|Mixed Platforms.Build.0 = Debug|Any CPU
		{2484CAEA-3ECE-41DC-BBF5-DD8E5F3B99C6}.Debug|Win32.ActiveCfg = Debug|Any CPU
		{2484CAEA-3ECE-41DC-BBF5-DD8E5F3B99C6}.Debug|x86.ActiveCfg = Debug|Any CPU
		{2484CAEA-3ECE-41DC-BBF5-DD8E5F3B99C6}.Release|Any CPU.ActiveCfg = Release|Any CPU
		{2484CAEA-3ECE-41DC-BBF5-DD8E5F3B99C6}.Release|Any CPU.Build.0 = Release|Any CPU
		{2484CAEA-3ECE-41DC-BBF5-DD8E5F3B99C6}.Release|Mixed Platforms.ActiveCfg = Release|Any CPU
		{2484CAEA-3ECE-41DC-BBF5-DD8E5F3B99C6}.Release|Mixed Platforms.Build.0 = Release|Any CPU
		{2484CAEA-3ECE-41DC-BBF5-DD8E5F3B99C6}.Release|Win32.ActiveCfg = Release|Any CPU
		{2484CAEA-3ECE-41DC-BBF5-DD8E5F3B99C6}.Release|x86.ActiveCfg = Release|Any CPU
		{991628BD-A8FB-41A9-9BAD-8C129A31EC6D}.Debug|Any CPU.ActiveCfg = Debug|Any CPU
		{991628BD-A8FB-41A9-9BAD-8C129A31EC6D}.Debug|Any CPU.Build.0 = Debug|Any CPU
		{991628BD-A8FB-41A9-9BAD-8C129A31EC6D}.Debug|Mixed Platforms.ActiveCfg = Debug|Any CPU
		{991628BD-A8FB-41A9-9BAD-8C129A31EC6D}.Debug|Mixed Platforms.Build.0 = Debug|Any CPU
		{991628BD-A8FB-41A9-9BAD-8C129A31EC6D}.Debug|Win32.ActiveCfg = Debug|Any CPU
		{991628BD-A8FB-41A9-9BAD-8C129A31EC6D}.Debug|x86.ActiveCfg = Debug|Any CPU
		{991628BD-A8FB-41A9-9BAD-8C129A31EC6D}.Release|Any CPU.ActiveCfg = Release|Any CPU
		{991628BD-A8FB-41A9-9BAD-8C129A31EC6D}.Release|Any CPU.Build.0 = Release|Any CPU
		{991628BD-A8FB-41A9-9BAD-8C129A31EC6D}.Release|Mixed Platforms.ActiveCfg = Release|Any CPU
		{991628BD-A8FB-41A9-9BAD-8C129A31EC6D}.Release|Mixed Platforms.Build.0 = Release|Any CPU
		{991628BD-A8FB-41A9-9BAD-8C129A31EC6D}.Release|Win32.ActiveCfg = Release|Any CPU
		{991628BD-A8FB-41A9-9BAD-8C129A31EC6D}.Release|x86.ActiveCfg = Release|Any CPU
		{12C60503-B4E7-46E6-9400-4BE53DBE8711}.Debug|Any CPU.ActiveCfg = Debug|Any CPU
		{12C60503-B4E7-46E6-9400-4BE53DBE8711}.Debug|Any CPU.Build.0 = Debug|Any CPU
		{12C60503-B4E7-46E6-9400-4BE53DBE8711}.Debug|Mixed Platforms.ActiveCfg = Debug|Any CPU
		{12C60503-B4E7-46E6-9400-4BE53DBE8711}.Debug|Mixed Platforms.Build.0 = Debug|Any CPU
		{12C60503-B4E7-46E6-9400-4BE53DBE8711}.Debug|Win32.ActiveCfg = Debug|Any CPU
		{12C60503-B4E7-46E6-9400-4BE53DBE8711}.Debug|x86.ActiveCfg = Debug|Any CPU
		{12C60503-B4E7-46E6-9400-4BE53DBE8711}.Release|Any CPU.ActiveCfg = Release|Any CPU
		{12C60503-B4E7-46E6-9400-4BE53DBE8711}.Release|Any CPU.Build.0 = Release|Any CPU
		{12C60503-B4E7-46E6-9400-4BE53DBE8711}.Release|Mixed Platforms.ActiveCfg = Release|Any CPU
		{12C60503-B4E7-46E6-9400-4BE53DBE8711}.Release|Mixed Platforms.Build.0 = Release|Any CPU
		{12C60503-B4E7-46E6-9400-4BE53DBE8711}.Release|Win32.ActiveCfg = Release|Any CPU
		{12C60503-B4E7-46E6-9400-4BE53DBE8711}.Release|x86.ActiveCfg = Release|Any CPU
		{9FC6B884-D991-40C1-AD38-5D33A15197AE}.Debug|Any CPU.ActiveCfg = Debug|Any CPU
		{9FC6B884-D991-40C1-AD38-5D33A15197AE}.Debug|Any CPU.Build.0 = Debug|Any CPU
		{9FC6B884-D991-40C1-AD38-5D33A15197AE}.Debug|Mixed Platforms.ActiveCfg = Debug|Any CPU
		{9FC6B884-D991-40C1-AD38-5D33A15197AE}.Debug|Mixed Platforms.Build.0 = Debug|Any CPU
		{9FC6B884-D991-40C1-AD38-5D33A15197AE}.Debug|Win32.ActiveCfg = Debug|Any CPU
		{9FC6B884-D991-40C1-AD38-5D33A15197AE}.Debug|x86.ActiveCfg = Debug|Any CPU
		{9FC6B884-D991-40C1-AD38-5D33A15197AE}.Release|Any CPU.ActiveCfg = Release|Any CPU
		{9FC6B884-D991-40C1-AD38-5D33A15197AE}.Release|Any CPU.Build.0 = Release|Any CPU
		{9FC6B884-D991-40C1-AD38-5D33A15197AE}.Release|Mixed Platforms.ActiveCfg = Release|Any CPU
		{9FC6B884-D991-40C1-AD38-5D33A15197AE}.Release|Mixed Platforms.Build.0 = Release|Any CPU
		{9FC6B884-D991-40C1-AD38-5D33A15197AE}.Release|Win32.ActiveCfg = Release|Any CPU
		{9FC6B884-D991-40C1-AD38-5D33A15197AE}.Release|x86.ActiveCfg = Release|Any CPU
		{0ED6F385-B481-421D-A893-461B3A6F65F4}.Debug|Any CPU.ActiveCfg = Debug|Any CPU
		{0ED6F385-B481-421D-A893-461B3A6F65F4}.Debug|Any CPU.Build.0 = Debug|Any CPU
		{0ED6F385-B481-421D-A893-461B3A6F65F4}.Debug|Mixed Platforms.ActiveCfg = Debug|Any CPU
		{0ED6F385-B481-421D-A893-461B3A6F65F4}.Debug|Mixed Platforms.Build.0 = Debug|Any CPU
		{0ED6F385-B481-421D-A893-461B3A6F65F4}.Debug|Win32.ActiveCfg = Debug|Any CPU
		{0ED6F385-B481-421D-A893-461B3A6F65F4}.Debug|x86.ActiveCfg = Debug|Any CPU
		{0ED6F385-B481-421D-A893-461B3A6F65F4}.Release|Any CPU.ActiveCfg = Release|Any CPU
		{0ED6F385-B481-421D-A893-461B3A6F65F4}.Release|Any CPU.Build.0 = Release|Any CPU
		{0ED6F385-B481-421D-A893-461B3A6F65F4}.Release|Mixed Platforms.ActiveCfg = Release|Any CPU
		{0ED6F385-B481-421D-A893-461B3A6F65F4}.Release|Mixed Platforms.Build.0 = Release|Any CPU
		{0ED6F385-B481-421D-A893-461B3A6F65F4}.Release|Win32.ActiveCfg = Release|Any CPU
		{0ED6F385-B481-421D-A893-461B3A6F65F4}.Release|x86.ActiveCfg = Release|Any CPU
		{8EE85670-CF35-4877-9BA1-2D2CB3FE5AD6}.Debug|Any CPU.ActiveCfg = Debug|Any CPU
		{8EE85670-CF35-4877-9BA1-2D2CB3FE5AD6}.Debug|Any CPU.Build.0 = Debug|Any CPU
		{8EE85670-CF35-4877-9BA1-2D2CB3FE5AD6}.Debug|Mixed Platforms.ActiveCfg = Debug|Any CPU
		{8EE85670-CF35-4877-9BA1-2D2CB3FE5AD6}.Debug|Mixed Platforms.Build.0 = Debug|Any CPU
		{8EE85670-CF35-4877-9BA1-2D2CB3FE5AD6}.Debug|Win32.ActiveCfg = Debug|Any CPU
		{8EE85670-CF35-4877-9BA1-2D2CB3FE5AD6}.Debug|x86.ActiveCfg = Debug|Any CPU
		{8EE85670-CF35-4877-9BA1-2D2CB3FE5AD6}.Release|Any CPU.ActiveCfg = Release|Any CPU
		{8EE85670-CF35-4877-9BA1-2D2CB3FE5AD6}.Release|Any CPU.Build.0 = Release|Any CPU
		{8EE85670-CF35-4877-9BA1-2D2CB3FE5AD6}.Release|Mixed Platforms.ActiveCfg = Release|Any CPU
		{8EE85670-CF35-4877-9BA1-2D2CB3FE5AD6}.Release|Mixed Platforms.Build.0 = Release|Any CPU
		{8EE85670-CF35-4877-9BA1-2D2CB3FE5AD6}.Release|Win32.ActiveCfg = Release|Any CPU
		{8EE85670-CF35-4877-9BA1-2D2CB3FE5AD6}.Release|x86.ActiveCfg = Release|Any CPU
		{EF7605E9-C0E4-4E78-83CF-4B71944A1832}.Debug|Any CPU.ActiveCfg = Debug|Any CPU
		{EF7605E9-C0E4-4E78-83CF-4B71944A1832}.Debug|Any CPU.Build.0 = Debug|Any CPU
		{EF7605E9-C0E4-4E78-83CF-4B71944A1832}.Debug|Mixed Platforms.ActiveCfg = Debug|Any CPU
		{EF7605E9-C0E4-4E78-83CF-4B71944A1832}.Debug|Mixed Platforms.Build.0 = Debug|Any CPU
		{EF7605E9-C0E4-4E78-83CF-4B71944A1832}.Debug|Win32.ActiveCfg = Debug|Any CPU
		{EF7605E9-C0E4-4E78-83CF-4B71944A1832}.Debug|x86.ActiveCfg = Debug|Any CPU
		{EF7605E9-C0E4-4E78-83CF-4B71944A1832}.Release|Any CPU.ActiveCfg = Release|Any CPU
		{EF7605E9-C0E4-4E78-83CF-4B71944A1832}.Release|Any CPU.Build.0 = Release|Any CPU
		{EF7605E9-C0E4-4E78-83CF-4B71944A1832}.Release|Mixed Platforms.ActiveCfg = Release|Any CPU
		{EF7605E9-C0E4-4E78-83CF-4B71944A1832}.Release|Mixed Platforms.Build.0 = Release|Any CPU
		{EF7605E9-C0E4-4E78-83CF-4B71944A1832}.Release|Win32.ActiveCfg = Release|Any CPU
		{EF7605E9-C0E4-4E78-83CF-4B71944A1832}.Release|x86.ActiveCfg = Release|Any CPU
		{1A87AE6D-AABC-4A1C-92CC-28D4C7C75C27}.Debug|Any CPU.ActiveCfg = Debug|x86
		{1A87AE6D-AABC-4A1C-92CC-28D4C7C75C27}.Debug|Mixed Platforms.ActiveCfg = Debug|x86
		{1A87AE6D-AABC-4A1C-92CC-28D4C7C75C27}.Debug|Mixed Platforms.Build.0 = Debug|x86
		{1A87AE6D-AABC-4A1C-92CC-28D4C7C75C27}.Debug|Win32.ActiveCfg = Debug|x86
		{1A87AE6D-AABC-4A1C-92CC-28D4C7C75C27}.Debug|x86.ActiveCfg = Debug|x86
		{1A87AE6D-AABC-4A1C-92CC-28D4C7C75C27}.Debug|x86.Build.0 = Debug|x86
		{1A87AE6D-AABC-4A1C-92CC-28D4C7C75C27}.Release|Any CPU.ActiveCfg = Release|x86
		{1A87AE6D-AABC-4A1C-92CC-28D4C7C75C27}.Release|Mixed Platforms.ActiveCfg = Release|x86
		{1A87AE6D-AABC-4A1C-92CC-28D4C7C75C27}.Release|Mixed Platforms.Build.0 = Release|x86
		{1A87AE6D-AABC-4A1C-92CC-28D4C7C75C27}.Release|Win32.ActiveCfg = Release|x86
		{1A87AE6D-AABC-4A1C-92CC-28D4C7C75C27}.Release|x86.ActiveCfg = Release|x86
		{1A87AE6D-AABC-4A1C-92CC-28D4C7C75C27}.Release|x86.Build.0 = Release|x86
	EndGlobalSection
	GlobalSection(SolutionProperties) = preSolution
		HideSolutionNode = FALSE
	EndGlobalSection
EndGlobal
